
Microsoft Visual Studio Solution File, Format Version 12.00
# Visual Studio Version 17
VisualStudioVersion = 17.3.32922.545
MinimumVisualStudioVersion = 10.0.40219.1
Project("{FAE04EC0-301F-11D3-BF4B-00C04F79EFBC}") = "RoomCalculator", "RoomCalculator\RoomCalculator.csproj", "{4C2B3AAB-C404-44A2-98EB-8B7021E9A3CE}"
EndProject
Global
	GlobalSection(SolutionConfigurationPlatforms) = preSolution
		Debug|Any CPU = Debug|Any CPU
		Release|Any CPU = Release|Any CPU
	EndGlobalSection
	GlobalSection(ProjectConfigurationPlatforms) = postSolution
		{4C2B3AAB-C404-44A2-98EB-8B7021E9A3CE}.Debug|Any CPU.ActiveCfg = Debug|Any CPU
		{4C2B3AAB-C404-44A2-98EB-8B7021E9A3CE}.Debug|Any CPU.Build.0 = Debug|Any CPU
		{4C2B3AAB-C404-44A2-98EB-8B7021E9A3CE}.Release|Any CPU.ActiveCfg = Release|Any CPU
		{4C2B3AAB-C404-44A2-98EB-8B7021E9A3CE}.Release|Any CPU.Build.0 = Release|Any CPU
	EndGlobalSection
	GlobalSection(SolutionProperties) = preSolution
		HideSolutionNode = FALSE
	EndGlobalSection
	GlobalSection(ExtensibilityGlobals) = postSolution
		SolutionGuid = {CCE9C7BA-4193-4835-A7C6-1C4007DA671B}
	EndGlobalSection
EndGlobal
